
Microsoft Visual Studio Solution File, Format Version 12.00
# Visual Studio Version 16
VisualStudioVersion = 16.0.32630.194
MinimumVisualStudioVersion = 10.0.40219.1
Project("{9A19103F-16F7-4668-BE54-9A1E7A4F7556}") = "ReplaySystem", "ReplaySystem.csproj", "{57711253-8F72-42E7-A4FC-5E2CA5BF7B7D}"
EndProject
Global
	GlobalSection(SolutionConfigurationPlatforms) = preSolution
		Debug|Any CPU = Debug|Any CPU
		Release|Any CPU = Release|Any CPU
	EndGlobalSection
	GlobalSection(ProjectConfigurationPlatforms) = postSolution
		{57711253-8F72-42E7-A4FC-5E2CA5BF7B7D}.Debug|Any CPU.ActiveCfg = Debug|Any CPU
		{57711253-8F72-42E7-A4FC-5E2CA5BF7B7D}.Debug|Any CPU.Build.0 = Debug|Any CPU
		{57711253-8F72-42E7-A4FC-5E2CA5BF7B7D}.Release|Any CPU.ActiveCfg = Release|Any CPU
		{57711253-8F72-42E7-A4FC-5E2CA5BF7B7D}.Release|Any CPU.Build.0 = Release|Any CPU
	EndGlobalSection
	GlobalSection(SolutionProperties) = preSolution
		HideSolutionNode = FALSE
	EndGlobalSection
	GlobalSection(ExtensibilityGlobals) = postSolution
		SolutionGuid = {CB770598-9CEC-4FCD-B381-E5422C5F3640}
	EndGlobalSection
EndGlobal
